// !$*UTF8*$!
{
	archiveVersion = 1;
	classes = {
	};
	objectVersion = 46;
	objects = {

/* Begin PBXBuildFile section */
		E4D95F491B670A4500E134F7 /* main.m in Sources */ = {isa = PBXBuildFile; fileRef = E4D95F481B670A4500E134F7 /* main.m */; };
		E4D95F4C1B670A4500E134F7 /* AppDelegate.m in Sources */ = {isa = PBXBuildFile; fileRef = E4D95F4B1B670A4500E134F7 /* AppDelegate.m */; };
		E4D95F4F1B670A4500E134F7 /* FirstViewController.m in Sources */ = {isa = PBXBuildFile; fileRef = E4D95F4E1B670A4500E134F7 /* FirstViewController.m */; };
		E4D95F521B670A4500E134F7 /* SecondViewController.m in Sources */ = {isa = PBXBuildFile; fileRef = E4D95F511B670A4500E134F7 /* SecondViewController.m */; };
		E4D95F551B670A4500E134F7 /* Main.storyboard in Resources */ = {isa = PBXBuildFile; fileRef = E4D95F531B670A4500E134F7 /* Main.storyboard */; };
		E4D95F571B670A4500E134F7 /* Images.xcassets in Resources */ = {isa = PBXBuildFile; fileRef = E4D95F561B670A4500E134F7 /* Images.xcassets */; };
		E4D95F5A1B670A4500E134F7 /* LaunchScreen.xib in Resources */ = {isa = PBXBuildFile; fileRef = E4D95F581B670A4500E134F7 /* LaunchScreen.xib */; };
		E4D95F661B670A4500E134F7 /* groupieTests.m in Sources */ = {isa = PBXBuildFile; fileRef = E4D95F651B670A4500E134F7 /* groupieTests.m */; };
/* End PBXBuildFile section */

/* Begin PBXContainerItemProxy section */
		E4D95F601B670A4500E134F7 /* PBXContainerItemProxy */ = {
			isa = PBXContainerItemProxy;
			containerPortal = E4D95F3B1B670A4500E134F7 /* Project object */;
			proxyType = 1;
			remoteGlobalIDString = E4D95F421B670A4500E134F7;
			remoteInfo = groupie;
		};
/* End PBXContainerItemProxy section */

/* Begin PBXFileReference section */
		E4D95F431B670A4500E134F7 /* groupie.app */ = {isa = PBXFileReference; explicitFileType = wrapper.application; includeInIndex = 0; path = groupie.app; sourceTree = BUILT_PRODUCTS_DIR; };
		E4D95F471B670A4500E134F7 /* Info.plist */ = {isa = PBXFileReference; lastKnownFileType = text.plist.xml; path = Info.plist; sourceTree = "<group>"; };
		E4D95F481B670A4500E134F7 /* main.m */ = {isa = PBXFileReference; lastKnownFileType = sourcecode.c.objc; path = main.m; sourceTree = "<group>"; };
		E4D95F4A1B670A4500E134F7 /* AppDelegate.h */ = {isa = PBXFileReference; lastKnownFileType = sourcecode.c.h; path = AppDelegate.h; sourceTree = "<group>"; };
		E4D95F4B1B670A4500E134F7 /* AppDelegate.m */ = {isa = PBXFileReference; lastKnownFileType = sourcecode.c.objc; path = AppDelegate.m; sourceTree = "<group>"; };
		E4D95F4D1B670A4500E134F7 /* FirstViewController.h */ = {isa = PBXFileReference; lastKnownFileType = sourcecode.c.h; path = FirstViewController.h; sourceTree = "<group>"; };
		E4D95F4E1B670A4500E134F7 /* FirstViewController.m */ = {isa = PBXFileReference; lastKnownFileType = sourcecode.c.objc; path = FirstViewController.m; sourceTree = "<group>"; };
		E4D95F501B670A4500E134F7 /* SecondViewController.h */ = {isa = PBXFileReference; lastKnownFileType = sourcecode.c.h; path = SecondViewController.h; sourceTree = "<group>"; };
		E4D95F511B670A4500E134F7 /* SecondViewController.m */ = {isa = PBXFileReference; lastKnownFileType = sourcecode.c.objc; path = SecondViewController.m; sourceTree = "<group>"; };
		E4D95F541B670A4500E134F7 /* Base */ = {isa = PBXFileReference; lastKnownFileType = file.storyboard; name = Base; path = Base.lproj/Main.storyboard; sourceTree = "<group>"; };
		E4D95F561B670A4500E134F7 /* Images.xcassets */ = {isa = PBXFileReference; lastKnownFileType = folder.assetcatalog; path = Images.xcassets; sourceTree = "<group>"; };
		E4D95F591B670A4500E134F7 /* Base */ = {isa = PBXFileReference; lastKnownFileType = file.xib; name = Base; path = Base.lproj/LaunchScreen.xib; sourceTree = "<group>"; };
		E4D95F5F1B670A4500E134F7 /* groupieTests.xctest */ = {isa = PBXFileReference; explicitFileType = wrapper.cfbundle; includeInIndex = 0; path = groupieTests.xctest; sourceTree = BUILT_PRODUCTS_DIR; };
		E4D95F641B670A4500E134F7 /* Info.plist */ = {isa = PBXFileReference; lastKnownFileType = text.plist.xml; path = Info.plist; sourceTree = "<group>"; };
		E4D95F651B670A4500E134F7 /* groupieTests.m */ = {isa = PBXFileReference; lastKnownFileType = sourcecode.c.objc; path = groupieTests.m; sourceTree = "<group>"; };
/* End PBXFileReference section */

/* Begin PBXFrameworksBuildPhase section */
		E4D95F401B670A4500E134F7 /* Frameworks */ = {
			isa = PBXFrameworksBuildPhase;
			buildActionMask = 2147483647;
			files = (
			);
			runOnlyForDeploymentPostprocessing = 0;
		};
		E4D95F5C1B670A4500E134F7 /* Frameworks */ = {
			isa = PBXFrameworksBuildPhase;
			buildActionMask = 2147483647;
			files = (
			);
			runOnlyForDeploymentPostprocessing = 0;
		};
/* End PBXFrameworksBuildPhase section */

/* Begin PBXGroup section */
		E4D95F3A1B670A4500E134F7 = {
			isa = PBXGroup;
			children = (
				E4D95F451B670A4500E134F7 /* groupie */,
				E4D95F621B670A4500E134F7 /* groupieTests */,
				E4D95F441B670A4500E134F7 /* Products */,
			);
			sourceTree = "<group>";
		};
		E4D95F441B670A4500E134F7 /* Products */ = {
			isa = PBXGroup;
			children = (
				E4D95F431B670A4500E134F7 /* groupie.app */,
				E4D95F5F1B670A4500E134F7 /* groupieTests.xctest */,
			);
			name = Products;
			sourceTree = "<group>";
		};
		E4D95F451B670A4500E134F7 /* groupie */ = {
			isa = PBXGroup;
			children = (
				E4D95F4A1B670A4500E134F7 /* AppDelegate.h */,
				E4D95F4B1B670A4500E134F7 /* AppDelegate.m */,
				E4D95F4D1B670A4500E134F7 /* FirstViewController.h */,
				E4D95F4E1B670A4500E134F7 /* FirstViewController.m */,
				E4D95F501B670A4500E134F7 /* SecondViewController.h */,
				E4D95F511B670A4500E134F7 /* SecondViewController.m */,
				E4D95F531B670A4500E134F7 /* Main.storyboard */,
				E4D95F561B670A4500E134F7 /* Images.xcassets */,
				E4D95F581B670A4500E134F7 /* LaunchScreen.xib */,
				E4D95F461B670A4500E134F7 /* Supporting Files */,
			);
			path = groupie;
			sourceTree = "<group>";
		};
		E4D95F461B670A4500E134F7 /* Supporting Files */ = {
			isa = PBXGroup;
			children = (
				E4D95F471B670A4500E134F7 /* Info.plist */,
				E4D95F481B670A4500E134F7 /* main.m */,
			);
			name = "Supporting Files";
			sourceTree = "<group>";
		};
		E4D95F621B670A4500E134F7 /* groupieTests */ = {
			isa = PBXGroup;
			children = (
				E4D95F651B670A4500E134F7 /* groupieTests.m */,
				E4D95F631B670A4500E134F7 /* Supporting Files */,
			);
			path = groupieTests;
			sourceTree = "<group>";
		};
		E4D95F631B670A4500E134F7 /* Supporting Files */ = {
			isa = PBXGroup;
			children = (
				E4D95F641B670A4500E134F7 /* Info.plist */,
			);
			name = "Supporting Files";
			sourceTree = "<group>";
		};
/* End PBXGroup section */

/* Begin PBXNativeTarget section */
		E4D95F421B670A4500E134F7 /* groupie */ = {
			isa = PBXNativeTarget;
			buildConfigurationList = E4D95F691B670A4500E134F7 /* Build configuration list for PBXNativeTarget "groupie" */;
			buildPhases = (
				E4D95F3F1B670A4500E134F7 /* Sources */,
				E4D95F401B670A4500E134F7 /* Frameworks */,
				E4D95F411B670A4500E134F7 /* Resources */,
			);
			buildRules = (
			);
			dependencies = (
			);
			name = groupie;
			productName = groupie;
			productReference = E4D95F431B670A4500E134F7 /* groupie.app */;
			productType = "com.apple.product-type.application";
		};
		E4D95F5E1B670A4500E134F7 /* groupieTests */ = {
			isa = PBXNativeTarget;
			buildConfigurationList = E4D95F6C1B670A4500E134F7 /* Build configuration list for PBXNativeTarget "groupieTests" */;
			buildPhases = (
				E4D95F5B1B670A4500E134F7 /* Sources */,
				E4D95F5C1B670A4500E134F7 /* Frameworks */,
				E4D95F5D1B670A4500E134F7 /* Resources */,
			);
			buildRules = (
			);
			dependencies = (
				E4D95F611B670A4500E134F7 /* PBXTargetDependency */,
			);
			name = groupieTests;
			productName = groupieTests;
			productReference = E4D95F5F1B670A4500E134F7 /* groupieTests.xctest */;
			productType = "com.apple.product-type.bundle.unit-test";
		};
/* End PBXNativeTarget section */

/* Begin PBXProject section */
		E4D95F3B1B670A4500E134F7 /* Project object */ = {
			isa = PBXProject;
			attributes = {
				LastUpgradeCheck = 0630;
				ORGANIZATIONNAME = iamcolinroth;
				TargetAttributes = {
					E4D95F421B670A4500E134F7 = {
						CreatedOnToolsVersion = 6.3.2;
					};
					E4D95F5E1B670A4500E134F7 = {
						CreatedOnToolsVersion = 6.3.2;
						TestTargetID = E4D95F421B670A4500E134F7;
					};
				};
			};
			buildConfigurationList = E4D95F3E1B670A4500E134F7 /* Build configuration list for PBXProject "groupie" */;
			compatibilityVersion = "Xcode 3.2";
			developmentRegion = English;
			hasScannedForEncodings = 0;
			knownRegions = (
				en,
				Base,
			);
			mainGroup = E4D95F3A1B670A4500E134F7;
			productRefGroup = E4D95F441B670A4500E134F7 /* Products */;
			projectDirPath = "";
			projectRoot = "";
			targets = (
				E4D95F421B670A4500E134F7 /* groupie */,
				E4D95F5E1B670A4500E134F7 /* groupieTests */,
			);
		};
/* End PBXProject section */

/* Begin PBXResourcesBuildPhase section */
		E4D95F411B670A4500E134F7 /* Resources */ = {
			isa = PBXResourcesBuildPhase;
			buildActionMask = 2147483647;
			files = (
				E4D95F551B670A4500E134F7 /* Main.storyboard in Resources */,
				E4D95F5A1B670A4500E134F7 /* LaunchScreen.xib in Resources */,
				E4D95F571B670A4500E134F7 /* Images.xcassets in Resources */,
			);
			runOnlyForDeploymentPostprocessing = 0;
		};
		E4D95F5D1B670A4500E134F7 /* Resources */ = {
			isa = PBXResourcesBuildPhase;
			buildActionMask = 2147483647;
			files = (
			);
			runOnlyForDeploymentPostprocessing = 0;
		};
/* End PBXResourcesBuildPhase section */

/* Begin PBXSourcesBuildPhase section */
		E4D95F3F1B670A4500E134F7 /* Sources */ = {
			isa = PBXSourcesBuildPhase;
			buildActionMask = 2147483647;
			files = (
				E4D95F521B670A4500E134F7 /* SecondViewController.m in Sources */,
				E4D95F4C1B670A4500E134F7 /* AppDelegate.m in Sources */,
				E4D95F4F1B670A4500E134F7 /* FirstViewController.m in Sources */,
				E4D95F491B670A4500E134F7 /* main.m in Sources */,
			);
			runOnlyForDeploymentPostprocessing = 0;
		};
		E4D95F5B1B670A4500E134F7 /* Sources */ = {
			isa = PBXSourcesBuildPhase;
			buildActionMask = 2147483647;
			files = (
				E4D95F661B670A4500E134F7 /* groupieTests.m in Sources */,
			);
			runOnlyForDeploymentPostprocessing = 0;
		};
/* End PBXSourcesBuildPhase section */

/* Begin PBXTargetDependency section */
		E4D95F611B670A4500E134F7 /* PBXTargetDependency */ = {
			isa = PBXTargetDependency;
			target = E4D95F421B670A4500E134F7 /* groupie */;
			targetProxy = E4D95F601B670A4500E134F7 /* PBXContainerItemProxy */;
		};
/* End PBXTargetDependency section */

/* Begin PBXVariantGroup section */
		E4D95F531B670A4500E134F7 /* Main.storyboard */ = {
			isa = PBXVariantGroup;
			children = (
				E4D95F541B670A4500E134F7 /* Base */,
			);
			name = Main.storyboard;
			sourceTree = "<group>";
		};
		E4D95F581B670A4500E134F7 /* LaunchScreen.xib */ = {
			isa = PBXVariantGroup;
			children = (
				E4D95F591B670A4500E134F7 /* Base */,
			);
			name = LaunchScreen.xib;
			sourceTree = "<group>";
		};
/* End PBXVariantGroup section */

/* Begin XCBuildConfiguration section */
		E4D95F671B670A4500E134F7 /* Debug */ = {
			isa = XCBuildConfiguration;
			buildSettings = {
				ALWAYS_SEARCH_USER_PATHS = NO;
				CLANG_CXX_LANGUAGE_STANDARD = "gnu++0x";
				CLANG_CXX_LIBRARY = "libc++";
				CLANG_ENABLE_MODULES = YES;
				CLANG_ENABLE_OBJC_ARC = YES;
				CLANG_WARN_BOOL_CONVERSION = YES;
				CLANG_WARN_CONSTANT_CONVERSION = YES;
				CLANG_WARN_DIRECT_OBJC_ISA_USAGE = YES_ERROR;
				CLANG_WARN_EMPTY_BODY = YES;
				CLANG_WARN_ENUM_CONVERSION = YES;
				CLANG_WARN_INT_CONVERSION = YES;
				CLANG_WARN_OBJC_ROOT_CLASS = YES_ERROR;
				CLANG_WARN_UNREACHABLE_CODE = YES;
				CLANG_WARN__DUPLICATE_METHOD_MATCH = YES;
				"CODE_SIGN_IDENTITY[sdk=iphoneos*]" = "iPhone Developer";
				COPY_PHASE_STRIP = NO;
				DEBUG_INFORMATION_FORMAT = "dwarf-with-dsym";
				ENABLE_STRICT_OBJC_MSGSEND = YES;
				GCC_C_LANGUAGE_STANDARD = gnu99;
				GCC_DYNAMIC_NO_PIC = NO;
				GCC_NO_COMMON_BLOCKS = YES;
				GCC_OPTIMIZATION_LEVEL = 0;
				GCC_PREPROCESSOR_DEFINITIONS = (
					"DEBUG=1",
					"$(inherited)",
				);
				GCC_SYMBOLS_PRIVATE_EXTERN = NO;
				GCC_WARN_64_TO_32_BIT_CONVERSION = YES;
				GCC_WARN_ABOUT_RETURN_TYPE = YES_ERROR;
				GCC_WARN_UNDECLARED_SELECTOR = YES;
				GCC_WARN_UNINITIALIZED_AUTOS = YES_AGGRESSIVE;
				GCC_WARN_UNUSED_FUNCTION = YES;
				GCC_WARN_UNUSED_VARIABLE = YES;
				IPHONEOS_DEPLOYMENT_TARGET = 8.3;
				MTL_ENABLE_DEBUG_INFO = YES;
				ONLY_ACTIVE_ARCH = YES;
				SDKROOT = iphoneos;
				TARGETED_DEVICE_FAMILY = "1,2";
			};
			name = Debug;
		};
		E4D95F681B670A4500E134F7 /* Release */ = {
			isa = XCBuildConfiguration;
			buildSettings = {
				ALWAYS_SEARCH_USER_PATHS = NO;
				CLANG_CXX_LANGUAGE_STANDARD = "gnu++0x";
				CLANG_CXX_LIBRARY = "libc++";
				CLANG_ENABLE_MODULES = YES;
				CLANG_ENABLE_OBJC_ARC = YES;
				CLANG_WARN_BOOL_CONVERSION = YES;
				CLANG_WARN_CONSTANT_CONVERSION = YES;
				CLANG_WARN_DIRECT_OBJC_ISA_USAGE = YES_ERROR;
				CLANG_WARN_EMPTY_BODY = YES;
				CLANG_WARN_ENUM_CONVERSION = YES;
				CLANG_WARN_INT_CONVERSION = YES;
				CLANG_WARN_OBJC_ROOT_CLASS = YES_ERROR;
				CLANG_WARN_UNREACHABLE_CODE = YES;
				CLANG_WARN__DUPLICATE_METHOD_MATCH = YES;
				"CODE_SIGN_IDENTITY[sdk=iphoneos*]" = "iPhone Developer";
				COPY_PHASE_STRIP = NO;
				DEBUG_INFORMATION_FORMAT = "dwarf-with-dsym";
				ENABLE_NS_ASSERTIONS = NO;
				ENABLE_STRICT_OBJC_MSGSEND = YES;
				GCC_C_LANGUAGE_STANDARD = gnu99;
				GCC_NO_COMMON_BLOCKS = YES;
				GCC_WARN_64_TO_32_BIT_CONVERSION = YES;
				GCC_WARN_ABOUT_RETURN_TYPE = YES_ERROR;
				GCC_WARN_UNDECLARED_SELECTOR = YES;
				GCC_WARN_UNINITIALIZED_AUTOS = YES_AGGRESSIVE;
				GCC_WARN_UNUSED_FUNCTION = YES;
				GCC_WARN_UNUSED_VARIABLE = YES;
				IPHONEOS_DEPLOYMENT_TARGET = 8.3;
				MTL_ENABLE_DEBUG_INFO = NO;
				SDKROOT = iphoneos;
				TARGETED_DEVICE_FAMILY = "1,2";
				VALIDATE_PRODUCT = YES;
			};
			name = Release;
		};
		E4D95F6A1B670A4500E134F7 /* Debug */ = {
			isa = XCBuildConfiguration;
			buildSettings = {
				ASSETCATALOG_COMPILER_APPICON_NAME = AppIcon;
				INFOPLIST_FILE = groupie/Info.plist;
				LD_RUNPATH_SEARCH_PATHS = "$(inherited) @executable_path/Frameworks";
				PRODUCT_NAME = "$(TARGET_NAME)";
			};
			name = Debug;
		};
		E4D95F6B1B670A4500E134F7 /* Release */ = {
			isa = XCBuildConfiguration;
			buildSettings = {
				ASSETCATALOG_COMPILER_APPICON_NAME = AppIcon;
				INFOPLIST_FILE = groupie/Info.plist;
				LD_RUNPATH_SEARCH_PATHS = "$(inherited) @executable_path/Frameworks";
				PRODUCT_NAME = "$(TARGET_NAME)";
			};
			name = Release;
		};
		E4D95F6D1B670A4500E134F7 /* Debug */ = {
			isa = XCBuildConfiguration;
			buildSettings = {
				BUNDLE_LOADER = "$(TEST_HOST)";
				FRAMEWORK_SEARCH_PATHS = (
					"$(SDKROOT)/Developer/Library/Frameworks",
					"$(inherited)",
				);
				GCC_PREPROCESSOR_DEFINITIONS = (
					"DEBUG=1",
					"$(inherited)",
				);
				INFOPLIST_FILE = groupieTests/Info.plist;
				LD_RUNPATH_SEARCH_PATHS = "$(inherited) @executable_path/Frameworks @loader_path/Frameworks";
				PRODUCT_NAME = "$(TARGET_NAME)";
				TEST_HOST = "$(BUILT_PRODUCTS_DIR)/groupie.app/groupie";
			};
			name = Debug;
		};
		E4D95F6E1B670A4500E134F7 /* Release */ = {
			isa = XCBuildConfiguration;
			buildSettings = {
				BUNDLE_LOADER = "$(TEST_HOST)";
				FRAMEWORK_SEARCH_PATHS = (
					"$(SDKROOT)/Developer/Library/Frameworks",
					"$(inherited)",
				);
				INFOPLIST_FILE = groupieTests/Info.plist;
				LD_RUNPATH_SEARCH_PATHS = "$(inherited) @executable_path/Frameworks @loader_path/Frameworks";
				PRODUCT_NAME = "$(TARGET_NAME)";
				TEST_HOST = "$(BUILT_PRODUCTS_DIR)/groupie.app/groupie";
			};
			name = Release;
		};
/* End XCBuildConfiguration section */

/* Begin XCConfigurationList section */
		E4D95F3E1B670A4500E134F7 /* Build configuration list for PBXProject "groupie" */ = {
			isa = XCConfigurationList;
			buildConfigurations = (
				E4D95F671B670A4500E134F7 /* Debug */,
				E4D95F681B670A4500E134F7 /* Release */,
			);
			defaultConfigurationIsVisible = 0;
			defaultConfigurationName = Release;
		};
		E4D95F691B670A4500E134F7 /* Build configuration list for PBXNativeTarget "groupie" */ = {
			isa = XCConfigurationList;
			buildConfigurations = (
				E4D95F6A1B670A4500E134F7 /* Debug */,
				E4D95F6B1B670A4500E134F7 /* Release */,
			);
			defaultConfigurationIsVisible = 0;
		};
		E4D95F6C1B670A4500E134F7 /* Build configuration list for PBXNativeTarget "groupieTests" */ = {
			isa = XCConfigurationList;
			buildConfigurations = (
				E4D95F6D1B670A4500E134F7 /* Debug */,
				E4D95F6E1B670A4500E134F7 /* Release */,
			);
			defaultConfigurationIsVisible = 0;
		};
/* End XCConfigurationList section */
	};
	rootObject = E4D95F3B1B670A4500E134F7 /* Project object */;
}
